// !$*UTF8*$!
{
	archiveVersion = 1;
	classes = {
	};
	objectVersion = 51;
	objects = {

/* Begin PBXBuildFile section */
		51C924955C8BA3BE70C979E8 /* libPods-QooperChat.a in Frameworks */ = {isa = PBXBuildFile; fileRef = 4986039829E2E580F9E050AE /* libPods-QooperChat.a */; };
		D410FC2E23E5E8BC00B8A8BD /* RoomCell.swift in Sources */ = {isa = PBXBuildFile; fileRef = D410FC2D23E5E8BC00B8A8BD /* RoomCell.swift */; };
		D47E9B4A23E59A880044483E /* AppDelegate.swift in Sources */ = {isa = PBXBuildFile; fileRef = D47E9B4923E59A880044483E /* AppDelegate.swift */; };
		D47E9B5123E59A880044483E /* Main.storyboard in Resources */ = {isa = PBXBuildFile; fileRef = D47E9B4F23E59A880044483E /* Main.storyboard */; };
		D47E9B5323E59A8B0044483E /* Assets.xcassets in Resources */ = {isa = PBXBuildFile; fileRef = D47E9B5223E59A8B0044483E /* Assets.xcassets */; };
		D47E9B5623E59A8B0044483E /* LaunchScreen.storyboard in Resources */ = {isa = PBXBuildFile; fileRef = D47E9B5423E59A8B0044483E /* LaunchScreen.storyboard */; };
		D47E9B6423E59BFC0044483E /* LoginViewController.swift in Sources */ = {isa = PBXBuildFile; fileRef = D47E9B6323E59BFC0044483E /* LoginViewController.swift */; };
		D47E9B6623E5B1910044483E /* GoogleService-Info.plist in Resources */ = {isa = PBXBuildFile; fileRef = D47E9B6523E5B1910044483E /* GoogleService-Info.plist */; };
		D47E9B6823E5CDBE0044483E /* User.swift in Sources */ = {isa = PBXBuildFile; fileRef = D47E9B6723E5CDBE0044483E /* User.swift */; };
		D47E9B6A23E5CE420044483E /* Chat.swift in Sources */ = {isa = PBXBuildFile; fileRef = D47E9B6923E5CE420044483E /* Chat.swift */; };
		D47E9B6C23E5D4A80044483E /* ChatRoomViewController.swift in Sources */ = {isa = PBXBuildFile; fileRef = D47E9B6B23E5D4A80044483E /* ChatRoomViewController.swift */; };
		D47E9B6E23E5D7BF0044483E /* Storyboard.swift in Sources */ = {isa = PBXBuildFile; fileRef = D47E9B6D23E5D7BF0044483E /* Storyboard.swift */; };
		D47E9B7023E5DBC50044483E /* Room.swift in Sources */ = {isa = PBXBuildFile; fileRef = D47E9B6F23E5DBC50044483E /* Room.swift */; };
		D4A666D223E60FCD00A8DE06 /* ChatViewController.swift in Sources */ = {isa = PBXBuildFile; fileRef = D4A666D123E60FCD00A8DE06 /* ChatViewController.swift */; };
		D4A666D423E6261200A8DE06 /* ChatCell.swift in Sources */ = {isa = PBXBuildFile; fileRef = D4A666D323E6261200A8DE06 /* ChatCell.swift */; };
/* End PBXBuildFile section */

/* Begin PBXFileReference section */
		4986039829E2E580F9E050AE /* libPods-QooperChat.a */ = {isa = PBXFileReference; explicitFileType = archive.ar; includeInIndex = 0; path = "libPods-QooperChat.a"; sourceTree = BUILT_PRODUCTS_DIR; };
		5BEC6A9A9CAF2F96C2ABCDAF /* Pods-QooperChat.debug.xcconfig */ = {isa = PBXFileReference; includeInIndex = 1; lastKnownFileType = text.xcconfig; name = "Pods-QooperChat.debug.xcconfig"; path = "Target Support Files/Pods-QooperChat/Pods-QooperChat.debug.xcconfig"; sourceTree = "<group>"; };
		62026B7873E69711D70FB3B5 /* Pods-QooperChat.release.xcconfig */ = {isa = PBXFileReference; includeInIndex = 1; lastKnownFileType = text.xcconfig; name = "Pods-QooperChat.release.xcconfig"; path = "Target Support Files/Pods-QooperChat/Pods-QooperChat.release.xcconfig"; sourceTree = "<group>"; };
		D410FC2D23E5E8BC00B8A8BD /* RoomCell.swift */ = {isa = PBXFileReference; lastKnownFileType = sourcecode.swift; path = RoomCell.swift; sourceTree = "<group>"; };
		D47E9B4623E59A880044483E /* QooperChat.app */ = {isa = PBXFileReference; explicitFileType = wrapper.application; includeInIndex = 0; path = QooperChat.app; sourceTree = BUILT_PRODUCTS_DIR; };
		D47E9B4923E59A880044483E /* AppDelegate.swift */ = {isa = PBXFileReference; lastKnownFileType = sourcecode.swift; path = AppDelegate.swift; sourceTree = "<group>"; };
		D47E9B5023E59A880044483E /* Base */ = {isa = PBXFileReference; lastKnownFileType = file.storyboard; name = Base; path = Base.lproj/Main.storyboard; sourceTree = "<group>"; };
		D47E9B5223E59A8B0044483E /* Assets.xcassets */ = {isa = PBXFileReference; lastKnownFileType = folder.assetcatalog; path = Assets.xcassets; sourceTree = "<group>"; };
		D47E9B5523E59A8B0044483E /* Base */ = {isa = PBXFileReference; lastKnownFileType = file.storyboard; name = Base; path = Base.lproj/LaunchScreen.storyboard; sourceTree = "<group>"; };
		D47E9B5723E59A8B0044483E /* Info.plist */ = {isa = PBXFileReference; lastKnownFileType = text.plist.xml; path = Info.plist; sourceTree = "<group>"; };
		D47E9B6323E59BFC0044483E /* LoginViewController.swift */ = {isa = PBXFileReference; lastKnownFileType = sourcecode.swift; path = LoginViewController.swift; sourceTree = "<group>"; };
		D47E9B6523E5B1910044483E /* GoogleService-Info.plist */ = {isa = PBXFileReference; fileEncoding = 4; lastKnownFileType = text.plist.xml; path = "GoogleService-Info.plist"; sourceTree = "<group>"; };
		D47E9B6723E5CDBE0044483E /* User.swift */ = {isa = PBXFileReference; lastKnownFileType = sourcecode.swift; path = User.swift; sourceTree = "<group>"; };
		D47E9B6923E5CE420044483E /* Chat.swift */ = {isa = PBXFileReference; lastKnownFileType = sourcecode.swift; path = Chat.swift; sourceTree = "<group>"; };
		D47E9B6B23E5D4A80044483E /* ChatRoomViewController.swift */ = {isa = PBXFileReference; lastKnownFileType = sourcecode.swift; path = ChatRoomViewController.swift; sourceTree = "<group>"; };
		D47E9B6D23E5D7BF0044483E /* Storyboard.swift */ = {isa = PBXFileReference; lastKnownFileType = sourcecode.swift; path = Storyboard.swift; sourceTree = "<group>"; };
		D47E9B6F23E5DBC50044483E /* Room.swift */ = {isa = PBXFileReference; lastKnownFileType = sourcecode.swift; path = Room.swift; sourceTree = "<group>"; };
		D4A666D123E60FCD00A8DE06 /* ChatViewController.swift */ = {isa = PBXFileReference; lastKnownFileType = sourcecode.swift; path = ChatViewController.swift; sourceTree = "<group>"; };
		D4A666D323E6261200A8DE06 /* ChatCell.swift */ = {isa = PBXFileReference; lastKnownFileType = sourcecode.swift; path = ChatCell.swift; sourceTree = "<group>"; };
/* End PBXFileReference section */

/* Begin PBXFrameworksBuildPhase section */
		D47E9B4323E59A880044483E /* Frameworks */ = {
			isa = PBXFrameworksBuildPhase;
			buildActionMask = 2147483647;
			files = (
				51C924955C8BA3BE70C979E8 /* libPods-QooperChat.a in Frameworks */,
			);
			runOnlyForDeploymentPostprocessing = 0;
		};
/* End PBXFrameworksBuildPhase section */

/* Begin PBXGroup section */
		07C23C2E70B055BF67B88956 /* Frameworks */ = {
			isa = PBXGroup;
			children = (
				4986039829E2E580F9E050AE /* libPods-QooperChat.a */,
			);
			name = Frameworks;
			sourceTree = "<group>";
		};
		461F24678D7804CA8ED728CA /* Pods */ = {
			isa = PBXGroup;
			children = (
				5BEC6A9A9CAF2F96C2ABCDAF /* Pods-QooperChat.debug.xcconfig */,
				62026B7873E69711D70FB3B5 /* Pods-QooperChat.release.xcconfig */,
			);
			path = Pods;
			sourceTree = "<group>";
		};
		D47E9B3D23E59A880044483E = {
			isa = PBXGroup;
			children = (
				D47E9B4823E59A880044483E /* QooperChat */,
				D47E9B4723E59A880044483E /* Products */,
				461F24678D7804CA8ED728CA /* Pods */,
				07C23C2E70B055BF67B88956 /* Frameworks */,
			);
			sourceTree = "<group>";
		};
		D47E9B4723E59A880044483E /* Products */ = {
			isa = PBXGroup;
			children = (
				D47E9B4623E59A880044483E /* QooperChat.app */,
			);
			name = Products;
			sourceTree = "<group>";
		};
		D47E9B4823E59A880044483E /* QooperChat */ = {
			isa = PBXGroup;
			children = (
				D47E9B5E23E59AFB0044483E /* Applications */,
				D47E9B6223E59B380044483E /* Extensions */,
				D47E9B6123E59B280044483E /* Views */,
				D47E9B6023E59B1F0044483E /* Models */,
				D47E9B5F23E59B0B0044483E /* Controllers */,
				D47E9B5D23E59ADB0044483E /* Resources */,
			);
			path = QooperChat;
			sourceTree = "<group>";
		};
		D47E9B5D23E59ADB0044483E /* Resources */ = {
			isa = PBXGroup;
			children = (
				D47E9B5223E59A8B0044483E /* Assets.xcassets */,
				D47E9B5723E59A8B0044483E /* Info.plist */,
				D47E9B6523E5B1910044483E /* GoogleService-Info.plist */,
				D47E9B4F23E59A880044483E /* Main.storyboard */,
				D47E9B5423E59A8B0044483E /* LaunchScreen.storyboard */,
			);
			path = Resources;
			sourceTree = "<group>";
		};
		D47E9B5E23E59AFB0044483E /* Applications */ = {
			isa = PBXGroup;
			children = (
				D47E9B4923E59A880044483E /* AppDelegate.swift */,
			);
			path = Applications;
			sourceTree = "<group>";
		};
		D47E9B5F23E59B0B0044483E /* Controllers */ = {
			isa = PBXGroup;
			children = (
				D47E9B6323E59BFC0044483E /* LoginViewController.swift */,
				D47E9B6B23E5D4A80044483E /* ChatRoomViewController.swift */,
				D4A666D123E60FCD00A8DE06 /* ChatViewController.swift */,
			);
			path = Controllers;
			sourceTree = "<group>";
		};
		D47E9B6023E59B1F0044483E /* Models */ = {
			isa = PBXGroup;
			children = (
				D47E9B6723E5CDBE0044483E /* User.swift */,
				D47E9B6F23E5DBC50044483E /* Room.swift */,
				D47E9B6923E5CE420044483E /* Chat.swift */,
			);
			path = Models;
			sourceTree = "<group>";
		};
		D47E9B6123E59B280044483E /* Views */ = {
			isa = PBXGroup;
			children = (
				D410FC2D23E5E8BC00B8A8BD /* RoomCell.swift */,
				D4A666D323E6261200A8DE06 /* ChatCell.swift */,
			);
			path = Views;
			sourceTree = "<group>";
		};
		D47E9B6223E59B380044483E /* Extensions */ = {
			isa = PBXGroup;
			children = (
				D47E9B6D23E5D7BF0044483E /* Storyboard.swift */,
			);
			path = Extensions;
			sourceTree = "<group>";
		};
/* End PBXGroup section */

/* Begin PBXNativeTarget section */
		D47E9B4523E59A880044483E /* QooperChat */ = {
			isa = PBXNativeTarget;
			buildConfigurationList = D47E9B5A23E59A8B0044483E /* Build configuration list for PBXNativeTarget "QooperChat" */;
			buildPhases = (
				AE2EC535BFCD8B330E95CF6E /* [CP] Check Pods Manifest.lock */,
				D47E9B4223E59A880044483E /* Sources */,
				D47E9B4323E59A880044483E /* Frameworks */,
				D47E9B4423E59A880044483E /* Resources */,
				7A74C84D00A21D43E4D4A79F /* [CP] Copy Pods Resources */,
			);
			buildRules = (
			);
			dependencies = (
			);
			name = QooperChat;
			productName = QooperChat;
			productReference = D47E9B4623E59A880044483E /* QooperChat.app */;
			productType = "com.apple.product-type.application";
		};
/* End PBXNativeTarget section */

/* Begin PBXProject section */
		D47E9B3E23E59A880044483E /* Project object */ = {
			isa = PBXProject;
			attributes = {
				LastSwiftUpdateCheck = 1110;
				LastUpgradeCheck = 1110;
				ORGANIZATIONNAME = "Melih Buyukbayram";
				TargetAttributes = {
					D47E9B4523E59A880044483E = {
						CreatedOnToolsVersion = 11.1;
					};
				};
			};
			buildConfigurationList = D47E9B4123E59A880044483E /* Build configuration list for PBXProject "QooperChat" */;
			compatibilityVersion = "Xcode 9.3";
			developmentRegion = en;
			hasScannedForEncodings = 0;
			knownRegions = (
				en,
				Base,
			);
			mainGroup = D47E9B3D23E59A880044483E;
			productRefGroup = D47E9B4723E59A880044483E /* Products */;
			projectDirPath = "";
			projectRoot = "";
			targets = (
				D47E9B4523E59A880044483E /* QooperChat */,
			);
		};
/* End PBXProject section */

/* Begin PBXResourcesBuildPhase section */
		D47E9B4423E59A880044483E /* Resources */ = {
			isa = PBXResourcesBuildPhase;
			buildActionMask = 2147483647;
			files = (
				D47E9B5623E59A8B0044483E /* LaunchScreen.storyboard in Resources */,
				D47E9B6623E5B1910044483E /* GoogleService-Info.plist in Resources */,
				D47E9B5323E59A8B0044483E /* Assets.xcassets in Resources */,
				D47E9B5123E59A880044483E /* Main.storyboard in Resources */,
			);
			runOnlyForDeploymentPostprocessing = 0;
		};
/* End PBXResourcesBuildPhase section */

/* Begin PBXShellScriptBuildPhase section */
		7A74C84D00A21D43E4D4A79F /* [CP] Copy Pods Resources */ = {
			isa = PBXShellScriptBuildPhase;
			buildActionMask = 2147483647;
			files = (
			);
			inputFileListPaths = (
				"${PODS_ROOT}/Target Support Files/Pods-QooperChat/Pods-QooperChat-resources-${CONFIGURATION}-input-files.xcfilelist",
			);
			name = "[CP] Copy Pods Resources";
			outputFileListPaths = (
				"${PODS_ROOT}/Target Support Files/Pods-QooperChat/Pods-QooperChat-resources-${CONFIGURATION}-output-files.xcfilelist",
			);
			runOnlyForDeploymentPostprocessing = 0;
			shellPath = /bin/sh;
			shellScript = "\"${PODS_ROOT}/Target Support Files/Pods-QooperChat/Pods-QooperChat-resources.sh\"\n";
			showEnvVarsInLog = 0;
		};
		AE2EC535BFCD8B330E95CF6E /* [CP] Check Pods Manifest.lock */ = {
			isa = PBXShellScriptBuildPhase;
			buildActionMask = 2147483647;
			files = (
			);
			inputFileListPaths = (
			);
			inputPaths = (
				"${PODS_PODFILE_DIR_PATH}/Podfile.lock",
				"${PODS_ROOT}/Manifest.lock",
			);
			name = "[CP] Check Pods Manifest.lock";
			outputFileListPaths = (
			);
			outputPaths = (
				"$(DERIVED_FILE_DIR)/Pods-QooperChat-checkManifestLockResult.txt",
			);
			runOnlyForDeploymentPostprocessing = 0;
			shellPath = /bin/sh;
			shellScript = "diff \"${PODS_PODFILE_DIR_PATH}/Podfile.lock\" \"${PODS_ROOT}/Manifest.lock\" > /dev/null\nif [ $? != 0 ] ; then\n    # print error to STDERR\n    echo \"error: The sandbox is not in sync with the Podfile.lock. Run 'pod install' or update your CocoaPods installation.\" >&2\n    exit 1\nfi\n# This output is used by Xcode 'outputs' to avoid re-running this script phase.\necho \"SUCCESS\" > \"${SCRIPT_OUTPUT_FILE_0}\"\n";
			showEnvVarsInLog = 0;
		};
/* End PBXShellScriptBuildPhase section */

/* Begin PBXSourcesBuildPhase section */
		D47E9B4223E59A880044483E /* Sources */ = {
			isa = PBXSourcesBuildPhase;
			buildActionMask = 2147483647;
			files = (
				D47E9B6423E59BFC0044483E /* LoginViewController.swift in Sources */,
				D47E9B6A23E5CE420044483E /* Chat.swift in Sources */,
				D47E9B7023E5DBC50044483E /* Room.swift in Sources */,
				D4A666D423E6261200A8DE06 /* ChatCell.swift in Sources */,
				D47E9B6C23E5D4A80044483E /* ChatRoomViewController.swift in Sources */,
				D47E9B4A23E59A880044483E /* AppDelegate.swift in Sources */,
				D47E9B6E23E5D7BF0044483E /* Storyboard.swift in Sources */,
				D410FC2E23E5E8BC00B8A8BD /* RoomCell.swift in Sources */,
				D4A666D223E60FCD00A8DE06 /* ChatViewController.swift in Sources */,
				D47E9B6823E5CDBE0044483E /* User.swift in Sources */,
			);
			runOnlyForDeploymentPostprocessing = 0;
		};
/* End PBXSourcesBuildPhase section */

/* Begin PBXVariantGroup section */
		D47E9B4F23E59A880044483E /* Main.storyboard */ = {
			isa = PBXVariantGroup;
			children = (
				D47E9B5023E59A880044483E /* Base */,
			);
			name = Main.storyboard;
			sourceTree = "<group>";
		};
		D47E9B5423E59A8B0044483E /* LaunchScreen.storyboard */ = {
			isa = PBXVariantGroup;
			children = (
				D47E9B5523E59A8B0044483E /* Base */,
			);
			name = LaunchScreen.storyboard;
			sourceTree = "<group>";
		};
/* End PBXVariantGroup section */

/* Begin XCBuildConfiguration section */
		D47E9B5823E59A8B0044483E /* Debug */ = {
			isa = XCBuildConfiguration;
			buildSettings = {
				ALWAYS_SEARCH_USER_PATHS = NO;
				CLANG_ANALYZER_NONNULL = YES;
				CLANG_ANALYZER_NUMBER_OBJECT_CONVERSION = YES_AGGRESSIVE;
				CLANG_CXX_LANGUAGE_STANDARD = "gnu++14";
				CLANG_CXX_LIBRARY = "libc++";
				CLANG_ENABLE_MODULES = YES;
				CLANG_ENABLE_OBJC_ARC = YES;
				CLANG_ENABLE_OBJC_WEAK = YES;
				CLANG_WARN_BLOCK_CAPTURE_AUTORELEASING = YES;
				CLANG_WARN_BOOL_CONVERSION = YES;
				CLANG_WARN_COMMA = YES;
				CLANG_WARN_CONSTANT_CONVERSION = YES;
				CLANG_WARN_DEPRECATED_OBJC_IMPLEMENTATIONS = YES;
				CLANG_WARN_DIRECT_OBJC_ISA_USAGE = YES_ERROR;
				CLANG_WARN_DOCUMENTATION_COMMENTS = YES;
				CLANG_WARN_EMPTY_BODY = YES;
				CLANG_WARN_ENUM_CONVERSION = YES;
				CLANG_WARN_INFINITE_RECURSION = YES;
				CLANG_WARN_INT_CONVERSION = YES;
				CLANG_WARN_NON_LITERAL_NULL_CONVERSION = YES;
				CLANG_WARN_OBJC_IMPLICIT_RETAIN_SELF = YES;
				CLANG_WARN_OBJC_LITERAL_CONVERSION = YES;
				CLANG_WARN_OBJC_ROOT_CLASS = YES_ERROR;
				CLANG_WARN_RANGE_LOOP_ANALYSIS = YES;
				CLANG_WARN_STRICT_PROTOTYPES = YES;
				CLANG_WARN_SUSPICIOUS_MOVE = YES;
				CLANG_WARN_UNGUARDED_AVAILABILITY = YES_AGGRESSIVE;
				CLANG_WARN_UNREACHABLE_CODE = YES;
				CLANG_WARN__DUPLICATE_METHOD_MATCH = YES;
				COPY_PHASE_STRIP = NO;
				DEBUG_INFORMATION_FORMAT = dwarf;
				ENABLE_STRICT_OBJC_MSGSEND = YES;
				ENABLE_TESTABILITY = YES;
				GCC_C_LANGUAGE_STANDARD = gnu11;
				GCC_DYNAMIC_NO_PIC = NO;
				GCC_NO_COMMON_BLOCKS = YES;
				GCC_OPTIMIZATION_LEVEL = 0;
				GCC_PREPROCESSOR_DEFINITIONS = (
					"DEBUG=1",
					"$(inherited)",
				);
				GCC_WARN_64_TO_32_BIT_CONVERSION = YES;
				GCC_WARN_ABOUT_RETURN_TYPE = YES_ERROR;
				GCC_WARN_UNDECLARED_SELECTOR = YES;
				GCC_WARN_UNINITIALIZED_AUTOS = YES_AGGRESSIVE;
				GCC_WARN_UNUSED_FUNCTION = YES;
				GCC_WARN_UNUSED_VARIABLE = YES;
				IPHONEOS_DEPLOYMENT_TARGET = 12.0;
				MTL_ENABLE_DEBUG_INFO = INCLUDE_SOURCE;
				MTL_FAST_MATH = YES;
				ONLY_ACTIVE_ARCH = YES;
				SDKROOT = iphoneos;
				SWIFT_ACTIVE_COMPILATION_CONDITIONS = DEBUG;
				SWIFT_OPTIMIZATION_LEVEL = "-Onone";
			};
			name = Debug;
		};
		D47E9B5923E59A8B0044483E /* Release */ = {
			isa = XCBuildConfiguration;
			buildSettings = {
				ALWAYS_SEARCH_USER_PATHS = NO;
				CLANG_ANALYZER_NONNULL = YES;
				CLANG_ANALYZER_NUMBER_OBJECT_CONVERSION = YES_AGGRESSIVE;
				CLANG_CXX_LANGUAGE_STANDARD = "gnu++14";
				CLANG_CXX_LIBRARY = "libc++";
				CLANG_ENABLE_MODULES = YES;
				CLANG_ENABLE_OBJC_ARC = YES;
				CLANG_ENABLE_OBJC_WEAK = YES;
				CLANG_WARN_BLOCK_CAPTURE_AUTORELEASING = YES;
				CLANG_WARN_BOOL_CONVERSION = YES;
				CLANG_WARN_COMMA = YES;
				CLANG_WARN_CONSTANT_CONVERSION = YES;
				CLANG_WARN_DEPRECATED_OBJC_IMPLEMENTATIONS = YES;
				CLANG_WARN_DIRECT_OBJC_ISA_USAGE = YES_ERROR;
				CLANG_WARN_DOCUMENTATION_COMMENTS = YES;
				CLANG_WARN_EMPTY_BODY = YES;
				CLANG_WARN_ENUM_CONVERSION = YES;
				CLANG_WARN_INFINITE_RECURSION = YES;
				CLANG_WARN_INT_CONVERSION = YES;
				CLANG_WARN_NON_LITERAL_NULL_CONVERSION = YES;
				CLANG_WARN_OBJC_IMPLICIT_RETAIN_SELF = YES;
				CLANG_WARN_OBJC_LITERAL_CONVERSION = YES;
				CLANG_WARN_OBJC_ROOT_CLASS = YES_ERROR;
				CLANG_WARN_RANGE_LOOP_ANALYSIS = YES;
				CLANG_WARN_STRICT_PROTOTYPES = YES;
				CLANG_WARN_SUSPICIOUS_MOVE = YES;
				CLANG_WARN_UNGUARDED_AVAILABILITY = YES_AGGRESSIVE;
				CLANG_WARN_UNREACHABLE_CODE = YES;
				CLANG_WARN__DUPLICATE_METHOD_MATCH = YES;
				COPY_PHASE_STRIP = NO;
				DEBUG_INFORMATION_FORMAT = "dwarf-with-dsym";
				ENABLE_NS_ASSERTIONS = NO;
				ENABLE_STRICT_OBJC_MSGSEND = YES;
				GCC_C_LANGUAGE_STANDARD = gnu11;
				GCC_NO_COMMON_BLOCKS = YES;
				GCC_WARN_64_TO_32_BIT_CONVERSION = YES;
				GCC_WARN_ABOUT_RETURN_TYPE = YES_ERROR;
				GCC_WARN_UNDECLARED_SELECTOR = YES;
				GCC_WARN_UNINITIALIZED_AUTOS = YES_AGGRESSIVE;
				GCC_WARN_UNUSED_FUNCTION = YES;
				GCC_WARN_UNUSED_VARIABLE = YES;
				IPHONEOS_DEPLOYMENT_TARGET = 12.0;
				MTL_ENABLE_DEBUG_INFO = NO;
				MTL_FAST_MATH = YES;
				SDKROOT = iphoneos;
				SWIFT_COMPILATION_MODE = wholemodule;
				SWIFT_OPTIMIZATION_LEVEL = "-O";
				VALIDATE_PRODUCT = YES;
			};
			name = Release;
		};
		D47E9B5B23E59A8B0044483E /* Debug */ = {
			isa = XCBuildConfiguration;
			baseConfigurationReference = 5BEC6A9A9CAF2F96C2ABCDAF /* Pods-QooperChat.debug.xcconfig */;
			buildSettings = {
				ASSETCATALOG_COMPILER_APPICON_NAME = AppIcon;
				CODE_SIGN_STYLE = Automatic;
				DEVELOPMENT_TEAM = AN2HFPV2C8;
				INFOPLIST_FILE = QooperChat/Resources/Info.plist;
				IPHONEOS_DEPLOYMENT_TARGET = 12.0;
				LD_RUNPATH_SEARCH_PATHS = (
					"$(inherited)",
					"@executable_path/Frameworks",
				);
				PRODUCT_BUNDLE_IDENTIFIER = com.melihbuyuk.QooperChat;
				PRODUCT_NAME = "$(TARGET_NAME)";
				SWIFT_VERSION = 5.0;
				TARGETED_DEVICE_FAMILY = "1,2";
			};
			name = Debug;
		};
		D47E9B5C23E59A8B0044483E /* Release */ = {
			isa = XCBuildConfiguration;
			baseConfigurationReference = 62026B7873E69711D70FB3B5 /* Pods-QooperChat.release.xcconfig */;
			buildSettings = {
				ASSETCATALOG_COMPILER_APPICON_NAME = AppIcon;
				CODE_SIGN_STYLE = Automatic;
				DEVELOPMENT_TEAM = AN2HFPV2C8;
				INFOPLIST_FILE = QooperChat/Resources/Info.plist;
				IPHONEOS_DEPLOYMENT_TARGET = 12.0;
				LD_RUNPATH_SEARCH_PATHS = (
					"$(inherited)",
					"@executable_path/Frameworks",
				);
				PRODUCT_BUNDLE_IDENTIFIER = com.melihbuyuk.QooperChat;
				PRODUCT_NAME = "$(TARGET_NAME)";
				SWIFT_VERSION = 5.0;
				TARGETED_DEVICE_FAMILY = "1,2";
			};
			name = Release;
		};
/* End XCBuildConfiguration section */

/* Begin XCConfigurationList section */
		D47E9B4123E59A880044483E /* Build configuration list for PBXProject "QooperChat" */ = {
			isa = XCConfigurationList;
			buildConfigurations = (
				D47E9B5823E59A8B0044483E /* Debug */,
				D47E9B5923E59A8B0044483E /* Release */,
			);
			defaultConfigurationIsVisible = 0;
			defaultConfigurationName = Release;
		};
		D47E9B5A23E59A8B0044483E /* Build configuration list for PBXNativeTarget "QooperChat" */ = {
			isa = XCConfigurationList;
			buildConfigurations = (
				D47E9B5B23E59A8B0044483E /* Debug */,
				D47E9B5C23E59A8B0044483E /* Release */,
			);
			defaultConfigurationIsVisible = 0;
			defaultConfigurationName = Release;
		};
/* End XCConfigurationList section */
	};
	rootObject = D47E9B3E23E59A880044483E /* Project object */;
}
